
Microsoft Visual Studio Solution File, Format Version 12.00
Project("{FAE04EC0-301F-11D3-BF4B-00C04F79EFBC}") = "AlgoliaError", "AlgoliaError.csproj", "{1F6BCA6F-BC49-46AF-A0E9-1A035DC9C56C}"
EndProject
Global
	GlobalSection(SolutionConfigurationPlatforms) = preSolution
		Debug|Any CPU = Debug|Any CPU
		Release|Any CPU = Release|Any CPU
	EndGlobalSection
	GlobalSection(ProjectConfigurationPlatforms) = postSolution
		{1F6BCA6F-BC49-46AF-A0E9-1A035DC9C56C}.Debug|Any CPU.ActiveCfg = Debug|Any CPU
		{1F6BCA6F-BC49-46AF-A0E9-1A035DC9C56C}.Debug|Any CPU.Build.0 = Debug|Any CPU
		{1F6BCA6F-BC49-46AF-A0E9-1A035DC9C56C}.Release|Any CPU.ActiveCfg = Release|Any CPU
		{1F6BCA6F-BC49-46AF-A0E9-1A035DC9C56C}.Release|Any CPU.Build.0 = Release|Any CPU
	EndGlobalSection
EndGlobal
